// !$*UTF8*$!
{
	archiveVersion = 1;
	classes = {
	};
	objectVersion = 55;
	objects = {

/* Begin PBXBuildFile section */
		0482C602280BC08800FB2B8B /* RecordingRow.swift in Sources */ = {isa = PBXBuildFile; fileRef = 0482C601280BC08800FB2B8B /* RecordingRow.swift */; };
		0482C603280BC08800FB2B8B /* RecordingRow.swift in Sources */ = {isa = PBXBuildFile; fileRef = 0482C601280BC08800FB2B8B /* RecordingRow.swift */; };
		0482C605280BC3CF00FB2B8B /* RecordingExtension.swift in Sources */ = {isa = PBXBuildFile; fileRef = 0482C604280BC3CF00FB2B8B /* RecordingExtension.swift */; };
		0482C606280BC3CF00FB2B8B /* RecordingExtension.swift in Sources */ = {isa = PBXBuildFile; fileRef = 0482C604280BC3CF00FB2B8B /* RecordingExtension.swift */; };
		0482C60A280BCA2D00FB2B8B /* AudioPlayer.swift in Sources */ = {isa = PBXBuildFile; fileRef = 0482C609280BCA2D00FB2B8B /* AudioPlayer.swift */; };
		0482C60B280BCA2D00FB2B8B /* AudioPlayer.swift in Sources */ = {isa = PBXBuildFile; fileRef = 0482C609280BCA2D00FB2B8B /* AudioPlayer.swift */; };
		0482C60E280C367B00FB2B8B /* DateExtensions.swift in Sources */ = {isa = PBXBuildFile; fileRef = 0482C60D280C367B00FB2B8B /* DateExtensions.swift */; };
		0482C60F280C367B00FB2B8B /* DateExtensions.swift in Sources */ = {isa = PBXBuildFile; fileRef = 0482C60D280C367B00FB2B8B /* DateExtensions.swift */; };
		04D378D3280AE984008077EE /* AudioDiary.xcdatamodeld in Sources */ = {isa = PBXBuildFile; fileRef = 04D378C0280AE983008077EE /* AudioDiary.xcdatamodeld */; };
		04D378D4280AE984008077EE /* AudioDiary.xcdatamodeld in Sources */ = {isa = PBXBuildFile; fileRef = 04D378C0280AE983008077EE /* AudioDiary.xcdatamodeld */; };
		04D378D5280AE984008077EE /* AudioDiaryApp.swift in Sources */ = {isa = PBXBuildFile; fileRef = 04D378C2280AE983008077EE /* AudioDiaryApp.swift */; };
		04D378D6280AE984008077EE /* AudioDiaryApp.swift in Sources */ = {isa = PBXBuildFile; fileRef = 04D378C2280AE983008077EE /* AudioDiaryApp.swift */; };
		04D378D7280AE984008077EE /* ContentView.swift in Sources */ = {isa = PBXBuildFile; fileRef = 04D378C3280AE983008077EE /* ContentView.swift */; };
		04D378D8280AE984008077EE /* ContentView.swift in Sources */ = {isa = PBXBuildFile; fileRef = 04D378C3280AE983008077EE /* ContentView.swift */; };
		04D378D9280AE984008077EE /* Persistence.swift in Sources */ = {isa = PBXBuildFile; fileRef = 04D378C4280AE983008077EE /* Persistence.swift */; };
		04D378DA280AE984008077EE /* Persistence.swift in Sources */ = {isa = PBXBuildFile; fileRef = 04D378C4280AE983008077EE /* Persistence.swift */; };
		04D378DB280AE984008077EE /* Assets.xcassets in Resources */ = {isa = PBXBuildFile; fileRef = 04D378C5280AE984008077EE /* Assets.xcassets */; };
		04D378DC280AE984008077EE /* Assets.xcassets in Resources */ = {isa = PBXBuildFile; fileRef = 04D378C5280AE984008077EE /* Assets.xcassets */; };
		04D378E6280AEA30008077EE /* Recording.swift in Sources */ = {isa = PBXBuildFile; fileRef = 04D378E5280AEA30008077EE /* Recording.swift */; };
		04D378E7280AEA30008077EE /* Recording.swift in Sources */ = {isa = PBXBuildFile; fileRef = 04D378E5280AEA30008077EE /* Recording.swift */; };
		04D378E9280AECC6008077EE /* AudioRecorder.swift in Sources */ = {isa = PBXBuildFile; fileRef = 04D378E8280AECC6008077EE /* AudioRecorder.swift */; };
		04D378EA280AECC6008077EE /* AudioRecorder.swift in Sources */ = {isa = PBXBuildFile; fileRef = 04D378E8280AECC6008077EE /* AudioRecorder.swift */; };
		04D378EC280AF11B008077EE /* DayView.swift in Sources */ = {isa = PBXBuildFile; fileRef = 04D378EB280AF11B008077EE /* DayView.swift */; };
		04D378ED280AF11B008077EE /* DayView.swift in Sources */ = {isa = PBXBuildFile; fileRef = 04D378EB280AF11B008077EE /* DayView.swift */; };
		04D378EF280AF460008077EE /* RecordingsList.swift in Sources */ = {isa = PBXBuildFile; fileRef = 04D378EE280AF460008077EE /* RecordingsList.swift */; };
		04D378F0280AF460008077EE /* RecordingsList.swift in Sources */ = {isa = PBXBuildFile; fileRef = 04D378EE280AF460008077EE /* RecordingsList.swift */; };
/* End PBXBuildFile section */

/* Begin PBXFileReference section */
		0482C601280BC08800FB2B8B /* RecordingRow.swift */ = {isa = PBXFileReference; lastKnownFileType = sourcecode.swift; path = RecordingRow.swift; sourceTree = "<group>"; };
		0482C604280BC3CF00FB2B8B /* RecordingExtension.swift */ = {isa = PBXFileReference; lastKnownFileType = sourcecode.swift; path = RecordingExtension.swift; sourceTree = "<group>"; };
		0482C609280BCA2D00FB2B8B /* AudioPlayer.swift */ = {isa = PBXFileReference; lastKnownFileType = sourcecode.swift; path = AudioPlayer.swift; sourceTree = "<group>"; };
		0482C60C280BD63300FB2B8B /* todo.md */ = {isa = PBXFileReference; lastKnownFileType = net.daringfireball.markdown; path = todo.md; sourceTree = "<group>"; };
		0482C60D280C367B00FB2B8B /* DateExtensions.swift */ = {isa = PBXFileReference; lastKnownFileType = sourcecode.swift; path = DateExtensions.swift; sourceTree = "<group>"; };
		04D378C1280AE983008077EE /* Shared.xcdatamodel */ = {isa = PBXFileReference; lastKnownFileType = wrapper.xcdatamodel; path = Shared.xcdatamodel; sourceTree = "<group>"; };
		04D378C2280AE983008077EE /* AudioDiaryApp.swift */ = {isa = PBXFileReference; lastKnownFileType = sourcecode.swift; path = AudioDiaryApp.swift; sourceTree = "<group>"; };
		04D378C3280AE983008077EE /* ContentView.swift */ = {isa = PBXFileReference; lastKnownFileType = sourcecode.swift; path = ContentView.swift; sourceTree = "<group>"; };
		04D378C4280AE983008077EE /* Persistence.swift */ = {isa = PBXFileReference; lastKnownFileType = sourcecode.swift; path = Persistence.swift; sourceTree = "<group>"; };
		04D378C5280AE984008077EE /* Assets.xcassets */ = {isa = PBXFileReference; lastKnownFileType = folder.assetcatalog; path = Assets.xcassets; sourceTree = "<group>"; };
		04D378CA280AE984008077EE /* AudioDiary.app */ = {isa = PBXFileReference; explicitFileType = wrapper.application; includeInIndex = 0; path = AudioDiary.app; sourceTree = BUILT_PRODUCTS_DIR; };
		04D378D0280AE984008077EE /* AudioDiary.app */ = {isa = PBXFileReference; explicitFileType = wrapper.application; includeInIndex = 0; path = AudioDiary.app; sourceTree = BUILT_PRODUCTS_DIR; };
		04D378D2280AE984008077EE /* macOS.entitlements */ = {isa = PBXFileReference; lastKnownFileType = text.plist.entitlements; path = macOS.entitlements; sourceTree = "<group>"; };
		04D378E5280AEA30008077EE /* Recording.swift */ = {isa = PBXFileReference; lastKnownFileType = sourcecode.swift; path = Recording.swift; sourceTree = "<group>"; };
		04D378E8280AECC6008077EE /* AudioRecorder.swift */ = {isa = PBXFileReference; lastKnownFileType = sourcecode.swift; path = AudioRecorder.swift; sourceTree = "<group>"; };
		04D378EB280AF11B008077EE /* DayView.swift */ = {isa = PBXFileReference; lastKnownFileType = sourcecode.swift; path = DayView.swift; sourceTree = "<group>"; };
		04D378EE280AF460008077EE /* RecordingsList.swift */ = {isa = PBXFileReference; lastKnownFileType = sourcecode.swift; path = RecordingsList.swift; sourceTree = "<group>"; };
		04D378F1280B1194008077EE /* AudioDiary--macOS--Info.plist */ = {isa = PBXFileReference; lastKnownFileType = text.plist; path = "AudioDiary--macOS--Info.plist"; sourceTree = "<group>"; };
/* End PBXFileReference section */

/* Begin PBXFrameworksBuildPhase section */
		04D378C7280AE984008077EE /* Frameworks */ = {
			isa = PBXFrameworksBuildPhase;
			buildActionMask = 2147483647;
			files = (
			);
			runOnlyForDeploymentPostprocessing = 0;
		};
		04D378CD280AE984008077EE /* Frameworks */ = {
			isa = PBXFrameworksBuildPhase;
			buildActionMask = 2147483647;
			files = (
			);
			runOnlyForDeploymentPostprocessing = 0;
		};
/* End PBXFrameworksBuildPhase section */

/* Begin PBXGroup section */
		0482C607280BC76700FB2B8B /* Model */ = {
			isa = PBXGroup;
			children = (
				04D378E8280AECC6008077EE /* AudioRecorder.swift */,
				0482C609280BCA2D00FB2B8B /* AudioPlayer.swift */,
				04D378E5280AEA30008077EE /* Recording.swift */,
				0482C604280BC3CF00FB2B8B /* RecordingExtension.swift */,
				04D378C4280AE983008077EE /* Persistence.swift */,
				0482C60D280C367B00FB2B8B /* DateExtensions.swift */,
			);
			path = Model;
			sourceTree = "<group>";
		};
		0482C608280BC77700FB2B8B /* Views */ = {
			isa = PBXGroup;
			children = (
				04D378C3280AE983008077EE /* ContentView.swift */,
				04D378EB280AF11B008077EE /* DayView.swift */,
				04D378EE280AF460008077EE /* RecordingsList.swift */,
				0482C601280BC08800FB2B8B /* RecordingRow.swift */,
			);
			path = Views;
			sourceTree = "<group>";
		};
		04D378BA280AE983008077EE = {
			isa = PBXGroup;
			children = (
				04D378F1280B1194008077EE /* AudioDiary--macOS--Info.plist */,
				0482C60C280BD63300FB2B8B /* todo.md */,
				04D378BF280AE983008077EE /* Shared */,
				04D378D1280AE984008077EE /* macOS */,
				04D378CB280AE984008077EE /* Products */,
			);
			sourceTree = "<group>";
		};
		04D378BF280AE983008077EE /* Shared */ = {
			isa = PBXGroup;
			children = (
				04D378C2280AE983008077EE /* AudioDiaryApp.swift */,
				0482C608280BC77700FB2B8B /* Views */,
				0482C607280BC76700FB2B8B /* Model */,
				04D378C5280AE984008077EE /* Assets.xcassets */,
				04D378C0280AE983008077EE /* AudioDiary.xcdatamodeld */,
			);
			path = Shared;
			sourceTree = "<group>";
		};
		04D378CB280AE984008077EE /* Products */ = {
			isa = PBXGroup;
			children = (
				04D378CA280AE984008077EE /* AudioDiary.app */,
				04D378D0280AE984008077EE /* AudioDiary.app */,
			);
			name = Products;
			sourceTree = "<group>";
		};
		04D378D1280AE984008077EE /* macOS */ = {
			isa = PBXGroup;
			children = (
				04D378D2280AE984008077EE /* macOS.entitlements */,
			);
			path = macOS;
			sourceTree = "<group>";
		};
/* End PBXGroup section */

/* Begin PBXNativeTarget section */
		04D378C9280AE984008077EE /* AudioDiary (iOS) */ = {
			isa = PBXNativeTarget;
			buildConfigurationList = 04D378DF280AE984008077EE /* Build configuration list for PBXNativeTarget "AudioDiary (iOS)" */;
			buildPhases = (
				04D378C6280AE984008077EE /* Sources */,
				04D378C7280AE984008077EE /* Frameworks */,
				04D378C8280AE984008077EE /* Resources */,
			);
			buildRules = (
			);
			dependencies = (
			);
			name = "AudioDiary (iOS)";
			productName = "AudioDiary (iOS)";
			productReference = 04D378CA280AE984008077EE /* AudioDiary.app */;
			productType = "com.apple.product-type.application";
		};
		04D378CF280AE984008077EE /* AudioDiary (macOS) */ = {
			isa = PBXNativeTarget;
			buildConfigurationList = 04D378E2280AE984008077EE /* Build configuration list for PBXNativeTarget "AudioDiary (macOS)" */;
			buildPhases = (
				04D378CC280AE984008077EE /* Sources */,
				04D378CD280AE984008077EE /* Frameworks */,
				04D378CE280AE984008077EE /* Resources */,
			);
			buildRules = (
			);
			dependencies = (
			);
			name = "AudioDiary (macOS)";
			productName = "AudioDiary (macOS)";
			productReference = 04D378D0280AE984008077EE /* AudioDiary.app */;
			productType = "com.apple.product-type.application";
		};
/* End PBXNativeTarget section */

/* Begin PBXProject section */
		04D378BB280AE983008077EE /* Project object */ = {
			isa = PBXProject;
			attributes = {
				BuildIndependentTargetsInParallel = 1;
				LastSwiftUpdateCheck = 1310;
				LastUpgradeCheck = 1310;
				TargetAttributes = {
					04D378C9280AE984008077EE = {
						CreatedOnToolsVersion = 13.1;
					};
					04D378CF280AE984008077EE = {
						CreatedOnToolsVersion = 13.1;
					};
				};
			};
			buildConfigurationList = 04D378BE280AE983008077EE /* Build configuration list for PBXProject "AudioDiary" */;
			compatibilityVersion = "Xcode 13.0";
			developmentRegion = en;
			hasScannedForEncodings = 0;
			knownRegions = (
				en,
				Base,
			);
			mainGroup = 04D378BA280AE983008077EE;
			productRefGroup = 04D378CB280AE984008077EE /* Products */;
			projectDirPath = "";
			projectRoot = "";
			targets = (
				04D378C9280AE984008077EE /* AudioDiary (iOS) */,
				04D378CF280AE984008077EE /* AudioDiary (macOS) */,
			);
		};
/* End PBXProject section */

/* Begin PBXResourcesBuildPhase section */
		04D378C8280AE984008077EE /* Resources */ = {
			isa = PBXResourcesBuildPhase;
			buildActionMask = 2147483647;
			files = (
				04D378DB280AE984008077EE /* Assets.xcassets in Resources */,
			);
			runOnlyForDeploymentPostprocessing = 0;
		};
		04D378CE280AE984008077EE /* Resources */ = {
			isa = PBXResourcesBuildPhase;
			buildActionMask = 2147483647;
			files = (
				04D378DC280AE984008077EE /* Assets.xcassets in Resources */,
			);
			runOnlyForDeploymentPostprocessing = 0;
		};
/* End PBXResourcesBuildPhase section */

/* Begin PBXSourcesBuildPhase section */
		04D378C6280AE984008077EE /* Sources */ = {
			isa = PBXSourcesBuildPhase;
			buildActionMask = 2147483647;
			files = (
				04D378EC280AF11B008077EE /* DayView.swift in Sources */,
				0482C605280BC3CF00FB2B8B /* RecordingExtension.swift in Sources */,
				0482C60A280BCA2D00FB2B8B /* AudioPlayer.swift in Sources */,
				04D378E9280AECC6008077EE /* AudioRecorder.swift in Sources */,
				04D378D5280AE984008077EE /* AudioDiaryApp.swift in Sources */,
				0482C60E280C367B00FB2B8B /* DateExtensions.swift in Sources */,
				04D378EF280AF460008077EE /* RecordingsList.swift in Sources */,
				04D378D9280AE984008077EE /* Persistence.swift in Sources */,
				04D378D3280AE984008077EE /* AudioDiary.xcdatamodeld in Sources */,
				04D378D7280AE984008077EE /* ContentView.swift in Sources */,
				04D378E6280AEA30008077EE /* Recording.swift in Sources */,
				0482C602280BC08800FB2B8B /* RecordingRow.swift in Sources */,
			);
			runOnlyForDeploymentPostprocessing = 0;
		};
		04D378CC280AE984008077EE /* Sources */ = {
			isa = PBXSourcesBuildPhase;
			buildActionMask = 2147483647;
			files = (
				04D378ED280AF11B008077EE /* DayView.swift in Sources */,
				0482C606280BC3CF00FB2B8B /* RecordingExtension.swift in Sources */,
				0482C60B280BCA2D00FB2B8B /* AudioPlayer.swift in Sources */,
				04D378EA280AECC6008077EE /* AudioRecorder.swift in Sources */,
				04D378D6280AE984008077EE /* AudioDiaryApp.swift in Sources */,
				0482C60F280C367B00FB2B8B /* DateExtensions.swift in Sources */,
				04D378F0280AF460008077EE /* RecordingsList.swift in Sources */,
				04D378DA280AE984008077EE /* Persistence.swift in Sources */,
				04D378D4280AE984008077EE /* AudioDiary.xcdatamodeld in Sources */,
				04D378D8280AE984008077EE /* ContentView.swift in Sources */,
				04D378E7280AEA30008077EE /* Recording.swift in Sources */,
				0482C603280BC08800FB2B8B /* RecordingRow.swift in Sources */,
			);
			runOnlyForDeploymentPostprocessing = 0;
		};
/* End PBXSourcesBuildPhase section */

/* Begin XCBuildConfiguration section */
		04D378DD280AE984008077EE /* Debug */ = {
			isa = XCBuildConfiguration;
			buildSettings = {
				ALWAYS_SEARCH_USER_PATHS = NO;
				CLANG_ANALYZER_NONNULL = YES;
				CLANG_ANALYZER_NUMBER_OBJECT_CONVERSION = YES_AGGRESSIVE;
				CLANG_CXX_LANGUAGE_STANDARD = "gnu++17";
				CLANG_CXX_LIBRARY = "libc++";
				CLANG_ENABLE_MODULES = YES;
				CLANG_ENABLE_OBJC_ARC = YES;
				CLANG_ENABLE_OBJC_WEAK = YES;
				CLANG_WARN_BLOCK_CAPTURE_AUTORELEASING = YES;
				CLANG_WARN_BOOL_CONVERSION = YES;
				CLANG_WARN_COMMA = YES;
				CLANG_WARN_CONSTANT_CONVERSION = YES;
				CLANG_WARN_DEPRECATED_OBJC_IMPLEMENTATIONS = YES;
				CLANG_WARN_DIRECT_OBJC_ISA_USAGE = YES_ERROR;
				CLANG_WARN_DOCUMENTATION_COMMENTS = YES;
				CLANG_WARN_EMPTY_BODY = YES;
				CLANG_WARN_ENUM_CONVERSION = YES;
				CLANG_WARN_INFINITE_RECURSION = YES;
				CLANG_WARN_INT_CONVERSION = YES;
				CLANG_WARN_NON_LITERAL_NULL_CONVERSION = YES;
				CLANG_WARN_OBJC_IMPLICIT_RETAIN_SELF = YES;
				CLANG_WARN_OBJC_LITERAL_CONVERSION = YES;
				CLANG_WARN_OBJC_ROOT_CLASS = YES_ERROR;
				CLANG_WARN_QUOTED_INCLUDE_IN_FRAMEWORK_HEADER = YES;
				CLANG_WARN_RANGE_LOOP_ANALYSIS = YES;
				CLANG_WARN_STRICT_PROTOTYPES = YES;
				CLANG_WARN_SUSPICIOUS_MOVE = YES;
				CLANG_WARN_UNGUARDED_AVAILABILITY = YES_AGGRESSIVE;
				CLANG_WARN_UNREACHABLE_CODE = YES;
				CLANG_WARN__DUPLICATE_METHOD_MATCH = YES;
				COPY_PHASE_STRIP = NO;
				DEBUG_INFORMATION_FORMAT = dwarf;
				ENABLE_STRICT_OBJC_MSGSEND = YES;
				ENABLE_TESTABILITY = YES;
				GCC_C_LANGUAGE_STANDARD = gnu11;
				GCC_DYNAMIC_NO_PIC = NO;
				GCC_NO_COMMON_BLOCKS = YES;
				GCC_OPTIMIZATION_LEVEL = 0;
				GCC_PREPROCESSOR_DEFINITIONS = (
					"DEBUG=1",
					"$(inherited)",
				);
				GCC_WARN_64_TO_32_BIT_CONVERSION = YES;
				GCC_WARN_ABOUT_RETURN_TYPE = YES_ERROR;
				GCC_WARN_UNDECLARED_SELECTOR = YES;
				GCC_WARN_UNINITIALIZED_AUTOS = YES_AGGRESSIVE;
				GCC_WARN_UNUSED_FUNCTION = YES;
				GCC_WARN_UNUSED_VARIABLE = YES;
				IPHONEOS_DEPLOYMENT_TARGET = 15.0;
				MACOSX_DEPLOYMENT_TARGET = 12.0;
				MTL_ENABLE_DEBUG_INFO = INCLUDE_SOURCE;
				MTL_FAST_MATH = YES;
				ONLY_ACTIVE_ARCH = YES;
				SWIFT_ACTIVE_COMPILATION_CONDITIONS = DEBUG;
				SWIFT_OPTIMIZATION_LEVEL = "-Onone";
			};
			name = Debug;
		};
		04D378DE280AE984008077EE /* Release */ = {
			isa = XCBuildConfiguration;
			buildSettings = {
				ALWAYS_SEARCH_USER_PATHS = NO;
				CLANG_ANALYZER_NONNULL = YES;
				CLANG_ANALYZER_NUMBER_OBJECT_CONVERSION = YES_AGGRESSIVE;
				CLANG_CXX_LANGUAGE_STANDARD = "gnu++17";
				CLANG_CXX_LIBRARY = "libc++";
				CLANG_ENABLE_MODULES = YES;
				CLANG_ENABLE_OBJC_ARC = YES;
				CLANG_ENABLE_OBJC_WEAK = YES;
				CLANG_WARN_BLOCK_CAPTURE_AUTORELEASING = YES;
				CLANG_WARN_BOOL_CONVERSION = YES;
				CLANG_WARN_COMMA = YES;
				CLANG_WARN_CONSTANT_CONVERSION = YES;
				CLANG_WARN_DEPRECATED_OBJC_IMPLEMENTATIONS = YES;
				CLANG_WARN_DIRECT_OBJC_ISA_USAGE = YES_ERROR;
				CLANG_WARN_DOCUMENTATION_COMMENTS = YES;
				CLANG_WARN_EMPTY_BODY = YES;
				CLANG_WARN_ENUM_CONVERSION = YES;
				CLANG_WARN_INFINITE_RECURSION = YES;
				CLANG_WARN_INT_CONVERSION = YES;
				CLANG_WARN_NON_LITERAL_NULL_CONVERSION = YES;
				CLANG_WARN_OBJC_IMPLICIT_RETAIN_SELF = YES;
				CLANG_WARN_OBJC_LITERAL_CONVERSION = YES;
				CLANG_WARN_OBJC_ROOT_CLASS = YES_ERROR;
				CLANG_WARN_QUOTED_INCLUDE_IN_FRAMEWORK_HEADER = YES;
				CLANG_WARN_RANGE_LOOP_ANALYSIS = YES;
				CLANG_WARN_STRICT_PROTOTYPES = YES;
				CLANG_WARN_SUSPICIOUS_MOVE = YES;
				CLANG_WARN_UNGUARDED_AVAILABILITY = YES_AGGRESSIVE;
				CLANG_WARN_UNREACHABLE_CODE = YES;
				CLANG_WARN__DUPLICATE_METHOD_MATCH = YES;
				COPY_PHASE_STRIP = NO;
				DEBUG_INFORMATION_FORMAT = "dwarf-with-dsym";
				ENABLE_NS_ASSERTIONS = NO;
				ENABLE_STRICT_OBJC_MSGSEND = YES;
				GCC_C_LANGUAGE_STANDARD = gnu11;
				GCC_NO_COMMON_BLOCKS = YES;
				GCC_WARN_64_TO_32_BIT_CONVERSION = YES;
				GCC_WARN_ABOUT_RETURN_TYPE = YES_ERROR;
				GCC_WARN_UNDECLARED_SELECTOR = YES;
				GCC_WARN_UNINITIALIZED_AUTOS = YES_AGGRESSIVE;
				GCC_WARN_UNUSED_FUNCTION = YES;
				GCC_WARN_UNUSED_VARIABLE = YES;
				IPHONEOS_DEPLOYMENT_TARGET = 15.0;
				MACOSX_DEPLOYMENT_TARGET = 12.0;
				MTL_ENABLE_DEBUG_INFO = NO;
				MTL_FAST_MATH = YES;
				SWIFT_COMPILATION_MODE = wholemodule;
				SWIFT_OPTIMIZATION_LEVEL = "-O";
			};
			name = Release;
		};
		04D378E0280AE984008077EE /* Debug */ = {
			isa = XCBuildConfiguration;
			buildSettings = {
				ASSETCATALOG_COMPILER_APPICON_NAME = AppIcon;
				ASSETCATALOG_COMPILER_GLOBAL_ACCENT_COLOR_NAME = AccentColor;
				CODE_SIGN_STYLE = Automatic;
				CURRENT_PROJECT_VERSION = 1;
				DEVELOPMENT_TEAM = 462YLDWX6X;
				ENABLE_PREVIEWS = YES;
				GENERATE_INFOPLIST_FILE = YES;
				INFOPLIST_KEY_NSMicrophoneUsageDescription = "AudioDiary needs access to the microphone to record your diary entries.";
				INFOPLIST_KEY_UIApplicationSceneManifest_Generation = YES;
				INFOPLIST_KEY_UIApplicationSupportsIndirectInputEvents = YES;
				INFOPLIST_KEY_UILaunchScreen_Generation = YES;
				INFOPLIST_KEY_UISupportedInterfaceOrientations_iPad = "UIInterfaceOrientationPortrait UIInterfaceOrientationPortraitUpsideDown UIInterfaceOrientationLandscapeLeft UIInterfaceOrientationLandscapeRight";
				INFOPLIST_KEY_UISupportedInterfaceOrientations_iPhone = "UIInterfaceOrientationPortrait UIInterfaceOrientationLandscapeLeft UIInterfaceOrientationLandscapeRight";
				IPHONEOS_DEPLOYMENT_TARGET = 15.0;
				LD_RUNPATH_SEARCH_PATHS = (
					"$(inherited)",
					"@executable_path/Frameworks",
				);
				MARKETING_VERSION = 1.0;
				PRODUCT_BUNDLE_IDENTIFIER = app.openbooks.AudioDiary;
				PRODUCT_NAME = AudioDiary;
				SDKROOT = iphoneos;
				SWIFT_EMIT_LOC_STRINGS = YES;
				SWIFT_VERSION = 5.0;
				TARGETED_DEVICE_FAMILY = "1,2";
			};
			name = Debug;
		};
		04D378E1280AE984008077EE /* Release */ = {
			isa = XCBuildConfiguration;
			buildSettings = {
				ASSETCATALOG_COMPILER_APPICON_NAME = AppIcon;
				ASSETCATALOG_COMPILER_GLOBAL_ACCENT_COLOR_NAME = AccentColor;
				CODE_SIGN_STYLE = Automatic;
				CURRENT_PROJECT_VERSION = 1;
				DEVELOPMENT_TEAM = 462YLDWX6X;
				ENABLE_PREVIEWS = YES;
				GENERATE_INFOPLIST_FILE = YES;
				INFOPLIST_KEY_NSMicrophoneUsageDescription = "AudioDiary needs access to the microphone to record your diary entries.";
				INFOPLIST_KEY_UIApplicationSceneManifest_Generation = YES;
				INFOPLIST_KEY_UIApplicationSupportsIndirectInputEvents = YES;
				INFOPLIST_KEY_UILaunchScreen_Generation = YES;
				INFOPLIST_KEY_UISupportedInterfaceOrientations_iPad = "UIInterfaceOrientationPortrait UIInterfaceOrientationPortraitUpsideDown UIInterfaceOrientationLandscapeLeft UIInterfaceOrientationLandscapeRight";
				INFOPLIST_KEY_UISupportedInterfaceOrientations_iPhone = "UIInterfaceOrientationPortrait UIInterfaceOrientationLandscapeLeft UIInterfaceOrientationLandscapeRight";
				IPHONEOS_DEPLOYMENT_TARGET = 15.0;
				LD_RUNPATH_SEARCH_PATHS = (
					"$(inherited)",
					"@executable_path/Frameworks",
				);
				MARKETING_VERSION = 1.0;
				PRODUCT_BUNDLE_IDENTIFIER = app.openbooks.AudioDiary;
				PRODUCT_NAME = AudioDiary;
				SDKROOT = iphoneos;
				SWIFT_EMIT_LOC_STRINGS = YES;
				SWIFT_VERSION = 5.0;
				TARGETED_DEVICE_FAMILY = "1,2";
				VALIDATE_PRODUCT = YES;
			};
			name = Release;
		};
		04D378E3280AE984008077EE /* Debug */ = {
			isa = XCBuildConfiguration;
			buildSettings = {
				ASSETCATALOG_COMPILER_APPICON_NAME = AppIcon;
				ASSETCATALOG_COMPILER_GLOBAL_ACCENT_COLOR_NAME = AccentColor;
				CODE_SIGN_ENTITLEMENTS = macOS/macOS.entitlements;
				CODE_SIGN_STYLE = Automatic;
				COMBINE_HIDPI_IMAGES = YES;
				CURRENT_PROJECT_VERSION = 2;
				DEVELOPMENT_TEAM = 462YLDWX6X;
				ENABLE_HARDENED_RUNTIME = YES;
				ENABLE_PREVIEWS = YES;
				GENERATE_INFOPLIST_FILE = YES;
				INFOPLIST_FILE = "AudioDiary--macOS--Info.plist";
				INFOPLIST_KEY_LSApplicationCategoryType = "public.app-category.lifestyle";
				INFOPLIST_KEY_NSHumanReadableCopyright = "";
				INFOPLIST_KEY_NSMicrophoneUsageDescription = "AudioDiary needs access to the microphone to record your diary entry.";
				LD_RUNPATH_SEARCH_PATHS = (
					"$(inherited)",
					"@executable_path/../Frameworks",
				);
				MACOSX_DEPLOYMENT_TARGET = 12.0;
				MARKETING_VERSION = 1.0;
				PRODUCT_BUNDLE_IDENTIFIER = app.openbooks.AudioDiary;
				PRODUCT_NAME = AudioDiary;
				SDKROOT = macosx;
				SWIFT_EMIT_LOC_STRINGS = YES;
				SWIFT_VERSION = 5.0;
			};
			name = Debug;
		};
		04D378E4280AE984008077EE /* Release */ = {
			isa = XCBuildConfiguration;
			buildSettings = {
				ASSETCATALOG_COMPILER_APPICON_NAME = AppIcon;
				ASSETCATALOG_COMPILER_GLOBAL_ACCENT_COLOR_NAME = AccentColor;
				CODE_SIGN_ENTITLEMENTS = macOS/macOS.entitlements;
				CODE_SIGN_STYLE = Automatic;
				COMBINE_HIDPI_IMAGES = YES;
				CURRENT_PROJECT_VERSION = 2;
				DEVELOPMENT_TEAM = 462YLDWX6X;
				ENABLE_HARDENED_RUNTIME = YES;
				ENABLE_PREVIEWS = YES;
				GENERATE_INFOPLIST_FILE = YES;
				INFOPLIST_FILE = "AudioDiary--macOS--Info.plist";
				INFOPLIST_KEY_LSApplicationCategoryType = "public.app-category.lifestyle";
				INFOPLIST_KEY_NSHumanReadableCopyright = "";
				INFOPLIST_KEY_NSMicrophoneUsageDescription = "AudioDiary needs access to the microphone to record your diary entry.";
				LD_RUNPATH_SEARCH_PATHS = (
					"$(inherited)",
					"@executable_path/../Frameworks",
				);
				MACOSX_DEPLOYMENT_TARGET = 12.0;
				MARKETING_VERSION = 1.0;
				PRODUCT_BUNDLE_IDENTIFIER = app.openbooks.AudioDiary;
				PRODUCT_NAME = AudioDiary;
				SDKROOT = macosx;
				SWIFT_EMIT_LOC_STRINGS = YES;
				SWIFT_VERSION = 5.0;
			};
			name = Release;
		};
/* End XCBuildConfiguration section */

/* Begin XCConfigurationList section */
		04D378BE280AE983008077EE /* Build configuration list for PBXProject "AudioDiary" */ = {
			isa = XCConfigurationList;
			buildConfigurations = (
				04D378DD280AE984008077EE /* Debug */,
				04D378DE280AE984008077EE /* Release */,
			);
			defaultConfigurationIsVisible = 0;
			defaultConfigurationName = Release;
		};
		04D378DF280AE984008077EE /* Build configuration list for PBXNativeTarget "AudioDiary (iOS)" */ = {
			isa = XCConfigurationList;
			buildConfigurations = (
				04D378E0280AE984008077EE /* Debug */,
				04D378E1280AE984008077EE /* Release */,
			);
			defaultConfigurationIsVisible = 0;
			defaultConfigurationName = Release;
		};
		04D378E2280AE984008077EE /* Build configuration list for PBXNativeTarget "AudioDiary (macOS)" */ = {
			isa = XCConfigurationList;
			buildConfigurations = (
				04D378E3280AE984008077EE /* Debug */,
				04D378E4280AE984008077EE /* Release */,
			);
			defaultConfigurationIsVisible = 0;
			defaultConfigurationName = Release;
		};
/* End XCConfigurationList section */

/* Begin XCVersionGroup section */
		04D378C0280AE983008077EE /* AudioDiary.xcdatamodeld */ = {
			isa = XCVersionGroup;
			children = (
				04D378C1280AE983008077EE /* Shared.xcdatamodel */,
			);
			currentVersion = 04D378C1280AE983008077EE /* Shared.xcdatamodel */;
			path = AudioDiary.xcdatamodeld;
			sourceTree = "<group>";
			versionGroupType = wrapper.xcdatamodel;
		};
/* End XCVersionGroup section */
	};
	rootObject = 04D378BB280AE983008077EE /* Project object */;
}
