// !$*UTF8*$!
{
	archiveVersion = 1;
	classes = {
	};
	objectVersion = 55;
	objects = {

/* Begin PBXBuildFile section */
		04133956280E25FD0093A4C1 /* HomeScreen.swift in Sources */ = {isa = PBXBuildFile; fileRef = 04133955280E25FD0093A4C1 /* HomeScreen.swift */; };
		04133966281123D00093A4C1 /* PlayPauseButton.swift in Sources */ = {isa = PBXBuildFile; fileRef = 04133965281123D00093A4C1 /* PlayPauseButton.swift */; };
		04133967281123D00093A4C1 /* PlayPauseButton.swift in Sources */ = {isa = PBXBuildFile; fileRef = 04133965281123D00093A4C1 /* PlayPauseButton.swift */; };
		041339692811429E0093A4C1 /* secondsToHoursMinutesSeconds.swift in Sources */ = {isa = PBXBuildFile; fileRef = 041339682811429E0093A4C1 /* secondsToHoursMinutesSeconds.swift */; };
		0413396A2811429E0093A4C1 /* secondsToHoursMinutesSeconds.swift in Sources */ = {isa = PBXBuildFile; fileRef = 041339682811429E0093A4C1 /* secondsToHoursMinutesSeconds.swift */; };
		0413396C2811436A0093A4C1 /* IntExtension.swift in Sources */ = {isa = PBXBuildFile; fileRef = 0413396B2811436A0093A4C1 /* IntExtension.swift */; };
		0413396D2811436A0093A4C1 /* IntExtension.swift in Sources */ = {isa = PBXBuildFile; fileRef = 0413396B2811436A0093A4C1 /* IntExtension.swift */; };
		0413396F281169600093A4C1 /* RecordButton.swift in Sources */ = {isa = PBXBuildFile; fileRef = 0413396E281169600093A4C1 /* RecordButton.swift */; };
		04133970281169600093A4C1 /* RecordButton.swift in Sources */ = {isa = PBXBuildFile; fileRef = 0413396E281169600093A4C1 /* RecordButton.swift */; };
		04133972281198C20093A4C1 /* FileMenu.swift in Sources */ = {isa = PBXBuildFile; fileRef = 04133971281198C20093A4C1 /* FileMenu.swift */; };
		04133973281198C20093A4C1 /* FileMenu.swift in Sources */ = {isa = PBXBuildFile; fileRef = 04133971281198C20093A4C1 /* FileMenu.swift */; };
		041E22CA2855B1A600F2E826 /* DeleteButton.swift in Sources */ = {isa = PBXBuildFile; fileRef = 041E22C92855B1A600F2E826 /* DeleteButton.swift */; };
		041E22CB2855B1A600F2E826 /* DeleteButton.swift in Sources */ = {isa = PBXBuildFile; fileRef = 041E22C92855B1A600F2E826 /* DeleteButton.swift */; };
		0426C4722812988800B3E17A /* ImportButton.swift in Sources */ = {isa = PBXBuildFile; fileRef = 0426C4712812988800B3E17A /* ImportButton.swift */; };
		0426C4732812988800B3E17A /* ImportButton.swift in Sources */ = {isa = PBXBuildFile; fileRef = 0426C4712812988800B3E17A /* ImportButton.swift */; };
		0426C4772812E21D00B3E17A /* RecordOnlyButton.swift in Sources */ = {isa = PBXBuildFile; fileRef = 0426C4762812E21D00B3E17A /* RecordOnlyButton.swift */; };
		0426C4782812E21D00B3E17A /* RecordOnlyButton.swift in Sources */ = {isa = PBXBuildFile; fileRef = 0426C4762812E21D00B3E17A /* RecordOnlyButton.swift */; };
		0426C47A2812E2C400B3E17A /* StopRecordingButton.swift in Sources */ = {isa = PBXBuildFile; fileRef = 0426C4792812E2C400B3E17A /* StopRecordingButton.swift */; };
		0426C47B2812E2C400B3E17A /* StopRecordingButton.swift in Sources */ = {isa = PBXBuildFile; fileRef = 0426C4792812E2C400B3E17A /* StopRecordingButton.swift */; };
		0482C602280BC08800FB2B8B /* RecordingRow.swift in Sources */ = {isa = PBXBuildFile; fileRef = 0482C601280BC08800FB2B8B /* RecordingRow.swift */; };
		0482C603280BC08800FB2B8B /* RecordingRow.swift in Sources */ = {isa = PBXBuildFile; fileRef = 0482C601280BC08800FB2B8B /* RecordingRow.swift */; };
		0482C605280BC3CF00FB2B8B /* RecordingExtension.swift in Sources */ = {isa = PBXBuildFile; fileRef = 0482C604280BC3CF00FB2B8B /* RecordingExtension.swift */; };
		0482C606280BC3CF00FB2B8B /* RecordingExtension.swift in Sources */ = {isa = PBXBuildFile; fileRef = 0482C604280BC3CF00FB2B8B /* RecordingExtension.swift */; };
		0482C60E280C367B00FB2B8B /* DateExtensions.swift in Sources */ = {isa = PBXBuildFile; fileRef = 0482C60D280C367B00FB2B8B /* DateExtensions.swift */; };
		0482C60F280C367B00FB2B8B /* DateExtensions.swift in Sources */ = {isa = PBXBuildFile; fileRef = 0482C60D280C367B00FB2B8B /* DateExtensions.swift */; };
		0482C611280C39A000FB2B8B /* TodayView.swift in Sources */ = {isa = PBXBuildFile; fileRef = 0482C610280C39A000FB2B8B /* TodayView.swift */; };
		0482C612280C39A000FB2B8B /* TodayView.swift in Sources */ = {isa = PBXBuildFile; fileRef = 0482C610280C39A000FB2B8B /* TodayView.swift */; };
		0482C614280CDFAF00FB2B8B /* CalendarDay.swift in Sources */ = {isa = PBXBuildFile; fileRef = 0482C613280CDFAF00FB2B8B /* CalendarDay.swift */; };
		0482C615280CDFAF00FB2B8B /* CalendarDay.swift in Sources */ = {isa = PBXBuildFile; fileRef = 0482C613280CDFAF00FB2B8B /* CalendarDay.swift */; };
		0482C617280CE52F00FB2B8B /* CalendarList.swift in Sources */ = {isa = PBXBuildFile; fileRef = 0482C616280CE52F00FB2B8B /* CalendarList.swift */; };
		0482C618280CE52F00FB2B8B /* CalendarList.swift in Sources */ = {isa = PBXBuildFile; fileRef = 0482C616280CE52F00FB2B8B /* CalendarList.swift */; };
		0482C61C280CEE5300FB2B8B /* HomeScreen.swift in Sources */ = {isa = PBXBuildFile; fileRef = 0482C61B280CEE5300FB2B8B /* HomeScreen.swift */; };
		0482C61E280CEE9B00FB2B8B /* Sidebar.swift in Sources */ = {isa = PBXBuildFile; fileRef = 0482C61D280CEE9B00FB2B8B /* Sidebar.swift */; };
		0482C620280CFBAD00FB2B8B /* StringExtension.swift in Sources */ = {isa = PBXBuildFile; fileRef = 0482C61F280CFBAD00FB2B8B /* StringExtension.swift */; };
		0482C621280CFBAD00FB2B8B /* StringExtension.swift in Sources */ = {isa = PBXBuildFile; fileRef = 0482C61F280CFBAD00FB2B8B /* StringExtension.swift */; };
		0482C627280D010B00FB2B8B /* PlaybackControls.swift in Sources */ = {isa = PBXBuildFile; fileRef = 0482C626280D010B00FB2B8B /* PlaybackControls.swift */; };
		0482C628280D010B00FB2B8B /* PlaybackControls.swift in Sources */ = {isa = PBXBuildFile; fileRef = 0482C626280D010B00FB2B8B /* PlaybackControls.swift */; };
		0482C62A280D227500FB2B8B /* PlayButton.swift in Sources */ = {isa = PBXBuildFile; fileRef = 0482C629280D227500FB2B8B /* PlayButton.swift */; };
		0482C62B280D227500FB2B8B /* PlayButton.swift in Sources */ = {isa = PBXBuildFile; fileRef = 0482C629280D227500FB2B8B /* PlayButton.swift */; };
		0482C62D280D22EE00FB2B8B /* StopPlayingButton.swift in Sources */ = {isa = PBXBuildFile; fileRef = 0482C62C280D22EE00FB2B8B /* StopPlayingButton.swift */; };
		0482C62E280D22EE00FB2B8B /* StopPlayingButton.swift in Sources */ = {isa = PBXBuildFile; fileRef = 0482C62C280D22EE00FB2B8B /* StopPlayingButton.swift */; };
		0482C630280D367E00FB2B8B /* FocusValues.swift in Sources */ = {isa = PBXBuildFile; fileRef = 0482C62F280D367E00FB2B8B /* FocusValues.swift */; };
		0482C631280D367E00FB2B8B /* FocusValues.swift in Sources */ = {isa = PBXBuildFile; fileRef = 0482C62F280D367E00FB2B8B /* FocusValues.swift */; };
		0482C635280D72DC00FB2B8B /* Model.swift in Sources */ = {isa = PBXBuildFile; fileRef = 0482C634280D72DC00FB2B8B /* Model.swift */; };
		0482C636280D72DC00FB2B8B /* Model.swift in Sources */ = {isa = PBXBuildFile; fileRef = 0482C634280D72DC00FB2B8B /* Model.swift */; };
		0482C638280E1E3600FB2B8B /* TodayViewLabel.swift in Sources */ = {isa = PBXBuildFile; fileRef = 0482C637280E1E3600FB2B8B /* TodayViewLabel.swift */; };
		0482C639280E1E3600FB2B8B /* TodayViewLabel.swift in Sources */ = {isa = PBXBuildFile; fileRef = 0482C637280E1E3600FB2B8B /* TodayViewLabel.swift */; };
		0482C63B280E1EDA00FB2B8B /* ListViewLabel.swift in Sources */ = {isa = PBXBuildFile; fileRef = 0482C63A280E1EDA00FB2B8B /* ListViewLabel.swift */; };
		0482C63C280E1EDA00FB2B8B /* ListViewLabel.swift in Sources */ = {isa = PBXBuildFile; fileRef = 0482C63A280E1EDA00FB2B8B /* ListViewLabel.swift */; };
		048626CE2813AD2C000DA6F4 /* CloudKit.framework in Frameworks */ = {isa = PBXBuildFile; fileRef = 048626CD2813AD2C000DA6F4 /* CloudKit.framework */; };
		048626D02813AD5B000DA6F4 /* CloudKit.framework in Frameworks */ = {isa = PBXBuildFile; fileRef = 048626CF2813AD5B000DA6F4 /* CloudKit.framework */; };
		048A7A4F28629605009377CD /* UUIDExtension.swift in Sources */ = {isa = PBXBuildFile; fileRef = 048A7A4E28629605009377CD /* UUIDExtension.swift */; };
		048A7A5028629605009377CD /* UUIDExtension.swift in Sources */ = {isa = PBXBuildFile; fileRef = 048A7A4E28629605009377CD /* UUIDExtension.swift */; };
		048A7A522867476F009377CD /* addVOActions.swift in Sources */ = {isa = PBXBuildFile; fileRef = 048A7A512867476F009377CD /* addVOActions.swift */; };
		048A7A532867476F009377CD /* addVOActions.swift in Sources */ = {isa = PBXBuildFile; fileRef = 048A7A512867476F009377CD /* addVOActions.swift */; };
		048A7A5528675369009377CD /* enableDeletingWithKeyboard.swift in Sources */ = {isa = PBXBuildFile; fileRef = 048A7A5428675369009377CD /* enableDeletingWithKeyboard.swift */; };
		048A7A5628675369009377CD /* enableDeletingWithKeyboard.swift in Sources */ = {isa = PBXBuildFile; fileRef = 048A7A5428675369009377CD /* enableDeletingWithKeyboard.swift */; };
		048A7A5828681B5F009377CD /* deleteRecordingConfirmationDialog.swift in Sources */ = {isa = PBXBuildFile; fileRef = 048A7A5728681B5F009377CD /* deleteRecordingConfirmationDialog.swift */; };
		048A7A5928681B5F009377CD /* deleteRecordingConfirmationDialog.swift in Sources */ = {isa = PBXBuildFile; fileRef = 048A7A5728681B5F009377CD /* deleteRecordingConfirmationDialog.swift */; };
		049520642859374F00604FEE /* OBFoundation in Frameworks */ = {isa = PBXBuildFile; productRef = 049520632859374F00604FEE /* OBFoundation */; };
		049520662859394600604FEE /* OBFoundation in Frameworks */ = {isa = PBXBuildFile; productRef = 049520652859394600604FEE /* OBFoundation */; };
		04D378D3280AE984008077EE /* AudioDiary.xcdatamodeld in Sources */ = {isa = PBXBuildFile; fileRef = 04D378C0280AE983008077EE /* AudioDiary.xcdatamodeld */; };
		04D378D4280AE984008077EE /* AudioDiary.xcdatamodeld in Sources */ = {isa = PBXBuildFile; fileRef = 04D378C0280AE983008077EE /* AudioDiary.xcdatamodeld */; };
		04D378D5280AE984008077EE /* AudioDiaryApp.swift in Sources */ = {isa = PBXBuildFile; fileRef = 04D378C2280AE983008077EE /* AudioDiaryApp.swift */; };
		04D378D6280AE984008077EE /* AudioDiaryApp.swift in Sources */ = {isa = PBXBuildFile; fileRef = 04D378C2280AE983008077EE /* AudioDiaryApp.swift */; };
		04D378D7280AE984008077EE /* ContentView.swift in Sources */ = {isa = PBXBuildFile; fileRef = 04D378C3280AE983008077EE /* ContentView.swift */; };
		04D378D8280AE984008077EE /* ContentView.swift in Sources */ = {isa = PBXBuildFile; fileRef = 04D378C3280AE983008077EE /* ContentView.swift */; };
		04D378D9280AE984008077EE /* Persistence.swift in Sources */ = {isa = PBXBuildFile; fileRef = 04D378C4280AE983008077EE /* Persistence.swift */; };
		04D378DA280AE984008077EE /* Persistence.swift in Sources */ = {isa = PBXBuildFile; fileRef = 04D378C4280AE983008077EE /* Persistence.swift */; };
		04D378DB280AE984008077EE /* Assets.xcassets in Resources */ = {isa = PBXBuildFile; fileRef = 04D378C5280AE984008077EE /* Assets.xcassets */; };
		04D378DC280AE984008077EE /* Assets.xcassets in Resources */ = {isa = PBXBuildFile; fileRef = 04D378C5280AE984008077EE /* Assets.xcassets */; };
		04D378E6280AEA30008077EE /* Recording.swift in Sources */ = {isa = PBXBuildFile; fileRef = 04D378E5280AEA30008077EE /* Recording.swift */; };
		04D378E7280AEA30008077EE /* Recording.swift in Sources */ = {isa = PBXBuildFile; fileRef = 04D378E5280AEA30008077EE /* Recording.swift */; };
		04D378EC280AF11B008077EE /* DayView.swift in Sources */ = {isa = PBXBuildFile; fileRef = 04D378EB280AF11B008077EE /* DayView.swift */; };
		04D378ED280AF11B008077EE /* DayView.swift in Sources */ = {isa = PBXBuildFile; fileRef = 04D378EB280AF11B008077EE /* DayView.swift */; };
		04D378EF280AF460008077EE /* RecordingsList.swift in Sources */ = {isa = PBXBuildFile; fileRef = 04D378EE280AF460008077EE /* RecordingsList.swift */; };
		04D378F0280AF460008077EE /* RecordingsList.swift in Sources */ = {isa = PBXBuildFile; fileRef = 04D378EE280AF460008077EE /* RecordingsList.swift */; };
		04F024AF2816338F007D448D /* DownloadButton.swift in Sources */ = {isa = PBXBuildFile; fileRef = 04F024AE2816338F007D448D /* DownloadButton.swift */; };
		04F024B02816338F007D448D /* DownloadButton.swift in Sources */ = {isa = PBXBuildFile; fileRef = 04F024AE2816338F007D448D /* DownloadButton.swift */; };
		04F024B22816899A007D448D /* AudioDiary--iOS--Info.plist in Resources */ = {isa = PBXBuildFile; fileRef = 04F024B12816860F007D448D /* AudioDiary--iOS--Info.plist */; };
/* End PBXBuildFile section */

/* Begin PBXFileReference section */
		04133955280E25FD0093A4C1 /* HomeScreen.swift */ = {isa = PBXFileReference; fileEncoding = 4; lastKnownFileType = sourcecode.swift; name = HomeScreen.swift; path = iOS/HomeScreen.swift; sourceTree = SOURCE_ROOT; };
		04133965281123D00093A4C1 /* PlayPauseButton.swift */ = {isa = PBXFileReference; lastKnownFileType = sourcecode.swift; path = PlayPauseButton.swift; sourceTree = "<group>"; };
		041339682811429E0093A4C1 /* secondsToHoursMinutesSeconds.swift */ = {isa = PBXFileReference; lastKnownFileType = sourcecode.swift; path = secondsToHoursMinutesSeconds.swift; sourceTree = "<group>"; };
		0413396B2811436A0093A4C1 /* IntExtension.swift */ = {isa = PBXFileReference; lastKnownFileType = sourcecode.swift; path = IntExtension.swift; sourceTree = "<group>"; };
		0413396E281169600093A4C1 /* RecordButton.swift */ = {isa = PBXFileReference; lastKnownFileType = sourcecode.swift; path = RecordButton.swift; sourceTree = "<group>"; };
		04133971281198C20093A4C1 /* FileMenu.swift */ = {isa = PBXFileReference; lastKnownFileType = sourcecode.swift; path = FileMenu.swift; sourceTree = "<group>"; };
		041E22C92855B1A600F2E826 /* DeleteButton.swift */ = {isa = PBXFileReference; lastKnownFileType = sourcecode.swift; path = DeleteButton.swift; sourceTree = "<group>"; };
		0426C4712812988800B3E17A /* ImportButton.swift */ = {isa = PBXFileReference; lastKnownFileType = sourcecode.swift; path = ImportButton.swift; sourceTree = "<group>"; };
		0426C4762812E21D00B3E17A /* RecordOnlyButton.swift */ = {isa = PBXFileReference; lastKnownFileType = sourcecode.swift; path = RecordOnlyButton.swift; sourceTree = "<group>"; };
		0426C4792812E2C400B3E17A /* StopRecordingButton.swift */ = {isa = PBXFileReference; lastKnownFileType = sourcecode.swift; path = StopRecordingButton.swift; sourceTree = "<group>"; };
		0439B836281245D900415C75 /* AudioDiary (iOS).entitlements */ = {isa = PBXFileReference; lastKnownFileType = text.plist.entitlements; name = "AudioDiary (iOS).entitlements"; path = "iOS/AudioDiary (iOS).entitlements"; sourceTree = SOURCE_ROOT; };
		0482C601280BC08800FB2B8B /* RecordingRow.swift */ = {isa = PBXFileReference; lastKnownFileType = sourcecode.swift; path = RecordingRow.swift; sourceTree = "<group>"; };
		0482C604280BC3CF00FB2B8B /* RecordingExtension.swift */ = {isa = PBXFileReference; lastKnownFileType = sourcecode.swift; path = RecordingExtension.swift; sourceTree = "<group>"; };
		0482C60C280BD63300FB2B8B /* todo.md */ = {isa = PBXFileReference; lastKnownFileType = net.daringfireball.markdown; path = todo.md; sourceTree = "<group>"; };
		0482C60D280C367B00FB2B8B /* DateExtensions.swift */ = {isa = PBXFileReference; lastKnownFileType = sourcecode.swift; path = DateExtensions.swift; sourceTree = "<group>"; };
		0482C610280C39A000FB2B8B /* TodayView.swift */ = {isa = PBXFileReference; lastKnownFileType = sourcecode.swift; path = TodayView.swift; sourceTree = "<group>"; };
		0482C613280CDFAF00FB2B8B /* CalendarDay.swift */ = {isa = PBXFileReference; lastKnownFileType = sourcecode.swift; path = CalendarDay.swift; sourceTree = "<group>"; };
		0482C616280CE52F00FB2B8B /* CalendarList.swift */ = {isa = PBXFileReference; lastKnownFileType = sourcecode.swift; path = CalendarList.swift; sourceTree = "<group>"; };
		0482C61B280CEE5300FB2B8B /* HomeScreen.swift */ = {isa = PBXFileReference; lastKnownFileType = sourcecode.swift; path = HomeScreen.swift; sourceTree = "<group>"; };
		0482C61D280CEE9B00FB2B8B /* Sidebar.swift */ = {isa = PBXFileReference; lastKnownFileType = sourcecode.swift; path = Sidebar.swift; sourceTree = "<group>"; };
		0482C61F280CFBAD00FB2B8B /* StringExtension.swift */ = {isa = PBXFileReference; lastKnownFileType = sourcecode.swift; path = StringExtension.swift; sourceTree = "<group>"; };
		0482C626280D010B00FB2B8B /* PlaybackControls.swift */ = {isa = PBXFileReference; lastKnownFileType = sourcecode.swift; path = PlaybackControls.swift; sourceTree = "<group>"; };
		0482C629280D227500FB2B8B /* PlayButton.swift */ = {isa = PBXFileReference; lastKnownFileType = sourcecode.swift; path = PlayButton.swift; sourceTree = "<group>"; };
		0482C62C280D22EE00FB2B8B /* StopPlayingButton.swift */ = {isa = PBXFileReference; lastKnownFileType = sourcecode.swift; path = StopPlayingButton.swift; sourceTree = "<group>"; };
		0482C62F280D367E00FB2B8B /* FocusValues.swift */ = {isa = PBXFileReference; lastKnownFileType = sourcecode.swift; path = FocusValues.swift; sourceTree = "<group>"; };
		0482C634280D72DC00FB2B8B /* Model.swift */ = {isa = PBXFileReference; lastKnownFileType = sourcecode.swift; path = Model.swift; sourceTree = "<group>"; };
		0482C637280E1E3600FB2B8B /* TodayViewLabel.swift */ = {isa = PBXFileReference; lastKnownFileType = sourcecode.swift; path = TodayViewLabel.swift; sourceTree = "<group>"; };
		0482C63A280E1EDA00FB2B8B /* ListViewLabel.swift */ = {isa = PBXFileReference; lastKnownFileType = sourcecode.swift; path = ListViewLabel.swift; sourceTree = "<group>"; };
		048626CD2813AD2C000DA6F4 /* CloudKit.framework */ = {isa = PBXFileReference; lastKnownFileType = wrapper.framework; name = CloudKit.framework; path = Platforms/iPhoneOS.platform/Developer/SDKs/iPhoneOS15.0.sdk/System/Library/Frameworks/CloudKit.framework; sourceTree = DEVELOPER_DIR; };
		048626CF2813AD5B000DA6F4 /* CloudKit.framework */ = {isa = PBXFileReference; lastKnownFileType = wrapper.framework; name = CloudKit.framework; path = System/Library/Frameworks/CloudKit.framework; sourceTree = SDKROOT; };
		048A7A4E28629605009377CD /* UUIDExtension.swift */ = {isa = PBXFileReference; lastKnownFileType = sourcecode.swift; path = UUIDExtension.swift; sourceTree = "<group>"; };
		048A7A512867476F009377CD /* addVOActions.swift */ = {isa = PBXFileReference; lastKnownFileType = sourcecode.swift; path = addVOActions.swift; sourceTree = "<group>"; };
		048A7A5428675369009377CD /* enableDeletingWithKeyboard.swift */ = {isa = PBXFileReference; lastKnownFileType = sourcecode.swift; path = enableDeletingWithKeyboard.swift; sourceTree = "<group>"; };
		048A7A5728681B5F009377CD /* deleteRecordingConfirmationDialog.swift */ = {isa = PBXFileReference; lastKnownFileType = sourcecode.swift; path = deleteRecordingConfirmationDialog.swift; sourceTree = "<group>"; };
		04D378C1280AE983008077EE /* Shared.xcdatamodel */ = {isa = PBXFileReference; lastKnownFileType = wrapper.xcdatamodel; path = Shared.xcdatamodel; sourceTree = "<group>"; };
		04D378C2280AE983008077EE /* AudioDiaryApp.swift */ = {isa = PBXFileReference; lastKnownFileType = sourcecode.swift; path = AudioDiaryApp.swift; sourceTree = "<group>"; };
		04D378C3280AE983008077EE /* ContentView.swift */ = {isa = PBXFileReference; lastKnownFileType = sourcecode.swift; path = ContentView.swift; sourceTree = "<group>"; };
		04D378C4280AE983008077EE /* Persistence.swift */ = {isa = PBXFileReference; lastKnownFileType = sourcecode.swift; path = Persistence.swift; sourceTree = "<group>"; };
		04D378C5280AE984008077EE /* Assets.xcassets */ = {isa = PBXFileReference; lastKnownFileType = folder.assetcatalog; path = Assets.xcassets; sourceTree = "<group>"; };
		04D378CA280AE984008077EE /* AudioDiary.app */ = {isa = PBXFileReference; explicitFileType = wrapper.application; includeInIndex = 0; path = AudioDiary.app; sourceTree = BUILT_PRODUCTS_DIR; };
		04D378D0280AE984008077EE /* AudioDiary.app */ = {isa = PBXFileReference; explicitFileType = wrapper.application; includeInIndex = 0; path = AudioDiary.app; sourceTree = BUILT_PRODUCTS_DIR; };
		04D378D2280AE984008077EE /* macOS.entitlements */ = {isa = PBXFileReference; lastKnownFileType = text.plist.entitlements; path = macOS.entitlements; sourceTree = "<group>"; };
		04D378E5280AEA30008077EE /* Recording.swift */ = {isa = PBXFileReference; lastKnownFileType = sourcecode.swift; path = Recording.swift; sourceTree = "<group>"; };
		04D378EB280AF11B008077EE /* DayView.swift */ = {isa = PBXFileReference; lastKnownFileType = sourcecode.swift; path = DayView.swift; sourceTree = "<group>"; };
		04D378EE280AF460008077EE /* RecordingsList.swift */ = {isa = PBXFileReference; lastKnownFileType = sourcecode.swift; path = RecordingsList.swift; sourceTree = "<group>"; };
		04D378F1280B1194008077EE /* AudioDiary--macOS--Info.plist */ = {isa = PBXFileReference; lastKnownFileType = text.plist.xml; path = "AudioDiary--macOS--Info.plist"; sourceTree = "<group>"; };
		04F024AE2816338F007D448D /* DownloadButton.swift */ = {isa = PBXFileReference; lastKnownFileType = sourcecode.swift; path = DownloadButton.swift; sourceTree = "<group>"; };
		04F024B12816860F007D448D /* AudioDiary--iOS--Info.plist */ = {isa = PBXFileReference; lastKnownFileType = text.plist.xml; name = "AudioDiary--iOS--Info.plist"; path = "iOS/AudioDiary--iOS--Info.plist"; sourceTree = SOURCE_ROOT; };
/* End PBXFileReference section */

/* Begin PBXFrameworksBuildPhase section */
		04D378C7280AE984008077EE /* Frameworks */ = {
			isa = PBXFrameworksBuildPhase;
			buildActionMask = 2147483647;
			files = (
				049520662859394600604FEE /* OBFoundation in Frameworks */,
				048626CE2813AD2C000DA6F4 /* CloudKit.framework in Frameworks */,
			);
			runOnlyForDeploymentPostprocessing = 0;
		};
		04D378CD280AE984008077EE /* Frameworks */ = {
			isa = PBXFrameworksBuildPhase;
			buildActionMask = 2147483647;
			files = (
				049520642859374F00604FEE /* OBFoundation in Frameworks */,
				048626D02813AD5B000DA6F4 /* CloudKit.framework in Frameworks */,
			);
			runOnlyForDeploymentPostprocessing = 0;
		};
/* End PBXFrameworksBuildPhase section */

/* Begin PBXGroup section */
		04133954280E25FD0093A4C1 /* iOS */ = {
			isa = PBXGroup;
			children = (
				04133955280E25FD0093A4C1 /* HomeScreen.swift */,
				04F024B12816860F007D448D /* AudioDiary--iOS--Info.plist */,
				0439B836281245D900415C75 /* AudioDiary (iOS).entitlements */,
			);
			path = iOS;
			sourceTree = "<group>";
		};
		0482C607280BC76700FB2B8B /* Model */ = {
			isa = PBXGroup;
			children = (
				0482C624280CFF8500FB2B8B /* Data Model */,
				0482C625280CFF9400FB2B8B /* Data Structures */,
				04D378C4280AE983008077EE /* Persistence.swift */,
				0482C623280CFE0D00FB2B8B /* Extensions */,
			);
			path = Model;
			sourceTree = "<group>";
		};
		0482C608280BC77700FB2B8B /* Views */ = {
			isa = PBXGroup;
			children = (
				0482C619280CE8AD00FB2B8B /* Navigation */,
				0482C61A280CE8C800FB2B8B /* Helper Views */,
				0482C633280D394800FB2B8B /* MenuBar */,
				0482C632280D391D00FB2B8B /* Buttons */,
				0482C63D280E1EFA00FB2B8B /* Labels */,
				0482C62F280D367E00FB2B8B /* FocusValues.swift */,
			);
			path = Views;
			sourceTree = "<group>";
		};
		0482C619280CE8AD00FB2B8B /* Navigation */ = {
			isa = PBXGroup;
			children = (
				04D378C3280AE983008077EE /* ContentView.swift */,
				0482C610280C39A000FB2B8B /* TodayView.swift */,
				0482C616280CE52F00FB2B8B /* CalendarList.swift */,
			);
			path = Navigation;
			sourceTree = "<group>";
		};
		0482C61A280CE8C800FB2B8B /* Helper Views */ = {
			isa = PBXGroup;
			children = (
				04D378EB280AF11B008077EE /* DayView.swift */,
				04D378EE280AF460008077EE /* RecordingsList.swift */,
				0482C601280BC08800FB2B8B /* RecordingRow.swift */,
				048A7A512867476F009377CD /* addVOActions.swift */,
				048A7A5428675369009377CD /* enableDeletingWithKeyboard.swift */,
				048A7A5728681B5F009377CD /* deleteRecordingConfirmationDialog.swift */,
			);
			path = "Helper Views";
			sourceTree = "<group>";
		};
		0482C622280CFD7700FB2B8B /* Resources */ = {
			isa = PBXGroup;
			children = (
				04D378C5280AE984008077EE /* Assets.xcassets */,
				04D378C0280AE983008077EE /* AudioDiary.xcdatamodeld */,
			);
			path = Resources;
			sourceTree = "<group>";
		};
		0482C623280CFE0D00FB2B8B /* Extensions */ = {
			isa = PBXGroup;
			children = (
				0482C604280BC3CF00FB2B8B /* RecordingExtension.swift */,
				048A7A4E28629605009377CD /* UUIDExtension.swift */,
				0482C60D280C367B00FB2B8B /* DateExtensions.swift */,
				0482C61F280CFBAD00FB2B8B /* StringExtension.swift */,
				0413396B2811436A0093A4C1 /* IntExtension.swift */,
				041339682811429E0093A4C1 /* secondsToHoursMinutesSeconds.swift */,
			);
			path = Extensions;
			sourceTree = "<group>";
		};
		0482C624280CFF8500FB2B8B /* Data Model */ = {
			isa = PBXGroup;
			children = (
				0482C634280D72DC00FB2B8B /* Model.swift */,
			);
			path = "Data Model";
			sourceTree = "<group>";
		};
		0482C625280CFF9400FB2B8B /* Data Structures */ = {
			isa = PBXGroup;
			children = (
				04D378E5280AEA30008077EE /* Recording.swift */,
				0482C613280CDFAF00FB2B8B /* CalendarDay.swift */,
			);
			path = "Data Structures";
			sourceTree = "<group>";
		};
		0482C632280D391D00FB2B8B /* Buttons */ = {
			isa = PBXGroup;
			children = (
				0482C629280D227500FB2B8B /* PlayButton.swift */,
				0482C62C280D22EE00FB2B8B /* StopPlayingButton.swift */,
				04133965281123D00093A4C1 /* PlayPauseButton.swift */,
				0413396E281169600093A4C1 /* RecordButton.swift */,
				0426C4762812E21D00B3E17A /* RecordOnlyButton.swift */,
				0426C4792812E2C400B3E17A /* StopRecordingButton.swift */,
				0426C4712812988800B3E17A /* ImportButton.swift */,
				04F024AE2816338F007D448D /* DownloadButton.swift */,
				041E22C92855B1A600F2E826 /* DeleteButton.swift */,
			);
			path = Buttons;
			sourceTree = "<group>";
		};
		0482C633280D394800FB2B8B /* MenuBar */ = {
			isa = PBXGroup;
			children = (
				0482C626280D010B00FB2B8B /* PlaybackControls.swift */,
				04133971281198C20093A4C1 /* FileMenu.swift */,
			);
			path = MenuBar;
			sourceTree = "<group>";
		};
		0482C63D280E1EFA00FB2B8B /* Labels */ = {
			isa = PBXGroup;
			children = (
				0482C637280E1E3600FB2B8B /* TodayViewLabel.swift */,
				0482C63A280E1EDA00FB2B8B /* ListViewLabel.swift */,
			);
			path = Labels;
			sourceTree = "<group>";
		};
		048626CC2813AD2C000DA6F4 /* Frameworks */ = {
			isa = PBXGroup;
			children = (
				048626CF2813AD5B000DA6F4 /* CloudKit.framework */,
				048626CD2813AD2C000DA6F4 /* CloudKit.framework */,
			);
			name = Frameworks;
			sourceTree = "<group>";
		};
		04D378BA280AE983008077EE = {
			isa = PBXGroup;
			children = (
				0482C60C280BD63300FB2B8B /* todo.md */,
				04D378BF280AE983008077EE /* Shared */,
				04D378D1280AE984008077EE /* macOS */,
				04133954280E25FD0093A4C1 /* iOS */,
				04D378CB280AE984008077EE /* Products */,
				048626CC2813AD2C000DA6F4 /* Frameworks */,
			);
			sourceTree = "<group>";
		};
		04D378BF280AE983008077EE /* Shared */ = {
			isa = PBXGroup;
			children = (
				04D378C2280AE983008077EE /* AudioDiaryApp.swift */,
				0482C608280BC77700FB2B8B /* Views */,
				0482C607280BC76700FB2B8B /* Model */,
				0482C622280CFD7700FB2B8B /* Resources */,
			);
			path = Shared;
			sourceTree = "<group>";
		};
		04D378CB280AE984008077EE /* Products */ = {
			isa = PBXGroup;
			children = (
				04D378CA280AE984008077EE /* AudioDiary.app */,
				04D378D0280AE984008077EE /* AudioDiary.app */,
			);
			name = Products;
			sourceTree = "<group>";
		};
		04D378D1280AE984008077EE /* macOS */ = {
			isa = PBXGroup;
			children = (
				0482C61B280CEE5300FB2B8B /* HomeScreen.swift */,
				0482C61D280CEE9B00FB2B8B /* Sidebar.swift */,
				04D378D2280AE984008077EE /* macOS.entitlements */,
				04D378F1280B1194008077EE /* AudioDiary--macOS--Info.plist */,
			);
			path = macOS;
			sourceTree = "<group>";
		};
/* End PBXGroup section */

/* Begin PBXNativeTarget section */
		04D378C9280AE984008077EE /* AudioDiary (iOS) */ = {
			isa = PBXNativeTarget;
			buildConfigurationList = 04D378DF280AE984008077EE /* Build configuration list for PBXNativeTarget "AudioDiary (iOS)" */;
			buildPhases = (
				04D378C6280AE984008077EE /* Sources */,
				04D378C7280AE984008077EE /* Frameworks */,
				04D378C8280AE984008077EE /* Resources */,
			);
			buildRules = (
			);
			dependencies = (
			);
			name = "AudioDiary (iOS)";
			packageProductDependencies = (
				049520652859394600604FEE /* OBFoundation */,
			);
			productName = "AudioDiary (iOS)";
			productReference = 04D378CA280AE984008077EE /* AudioDiary.app */;
			productType = "com.apple.product-type.application";
		};
		04D378CF280AE984008077EE /* AudioDiary (macOS) */ = {
			isa = PBXNativeTarget;
			buildConfigurationList = 04D378E2280AE984008077EE /* Build configuration list for PBXNativeTarget "AudioDiary (macOS)" */;
			buildPhases = (
				04D378CC280AE984008077EE /* Sources */,
				04D378CD280AE984008077EE /* Frameworks */,
				04D378CE280AE984008077EE /* Resources */,
			);
			buildRules = (
			);
			dependencies = (
			);
			name = "AudioDiary (macOS)";
			packageProductDependencies = (
				049520632859374F00604FEE /* OBFoundation */,
			);
			productName = "AudioDiary (macOS)";
			productReference = 04D378D0280AE984008077EE /* AudioDiary.app */;
			productType = "com.apple.product-type.application";
		};
/* End PBXNativeTarget section */

/* Begin PBXProject section */
		04D378BB280AE983008077EE /* Project object */ = {
			isa = PBXProject;
			attributes = {
				BuildIndependentTargetsInParallel = 1;
				LastSwiftUpdateCheck = 1310;
				LastUpgradeCheck = 1330;
				TargetAttributes = {
					04D378C9280AE984008077EE = {
						CreatedOnToolsVersion = 13.1;
					};
					04D378CF280AE984008077EE = {
						CreatedOnToolsVersion = 13.1;
					};
				};
			};
			buildConfigurationList = 04D378BE280AE983008077EE /* Build configuration list for PBXProject "AudioDiary" */;
			compatibilityVersion = "Xcode 13.0";
			developmentRegion = en;
			hasScannedForEncodings = 0;
			knownRegions = (
				en,
				Base,
			);
			mainGroup = 04D378BA280AE983008077EE;
			packageReferences = (
				049520622859374F00604FEE /* XCRemoteSwiftPackageReference "OBFoundation" */,
			);
			productRefGroup = 04D378CB280AE984008077EE /* Products */;
			projectDirPath = "";
			projectRoot = "";
			targets = (
				04D378C9280AE984008077EE /* AudioDiary (iOS) */,
				04D378CF280AE984008077EE /* AudioDiary (macOS) */,
			);
		};
/* End PBXProject section */

/* Begin PBXResourcesBuildPhase section */
		04D378C8280AE984008077EE /* Resources */ = {
			isa = PBXResourcesBuildPhase;
			buildActionMask = 2147483647;
			files = (
				04D378DB280AE984008077EE /* Assets.xcassets in Resources */,
				04F024B22816899A007D448D /* AudioDiary--iOS--Info.plist in Resources */,
			);
			runOnlyForDeploymentPostprocessing = 0;
		};
		04D378CE280AE984008077EE /* Resources */ = {
			isa = PBXResourcesBuildPhase;
			buildActionMask = 2147483647;
			files = (
				04D378DC280AE984008077EE /* Assets.xcassets in Resources */,
			);
			runOnlyForDeploymentPostprocessing = 0;
		};
/* End PBXResourcesBuildPhase section */

/* Begin PBXSourcesBuildPhase section */
		04D378C6280AE984008077EE /* Sources */ = {
			isa = PBXSourcesBuildPhase;
			buildActionMask = 2147483647;
			files = (
				0482C635280D72DC00FB2B8B /* Model.swift in Sources */,
				04D378EC280AF11B008077EE /* DayView.swift in Sources */,
				04F024AF2816338F007D448D /* DownloadButton.swift in Sources */,
				0482C605280BC3CF00FB2B8B /* RecordingExtension.swift in Sources */,
				0413396C2811436A0093A4C1 /* IntExtension.swift in Sources */,
				0413396F281169600093A4C1 /* RecordButton.swift in Sources */,
				0482C614280CDFAF00FB2B8B /* CalendarDay.swift in Sources */,
				0482C63B280E1EDA00FB2B8B /* ListViewLabel.swift in Sources */,
				0482C620280CFBAD00FB2B8B /* StringExtension.swift in Sources */,
				04D378D5280AE984008077EE /* AudioDiaryApp.swift in Sources */,
				048A7A5528675369009377CD /* enableDeletingWithKeyboard.swift in Sources */,
				048A7A5828681B5F009377CD /* deleteRecordingConfirmationDialog.swift in Sources */,
				0482C60E280C367B00FB2B8B /* DateExtensions.swift in Sources */,
				0482C611280C39A000FB2B8B /* TodayView.swift in Sources */,
				04133966281123D00093A4C1 /* PlayPauseButton.swift in Sources */,
				0482C617280CE52F00FB2B8B /* CalendarList.swift in Sources */,
				048A7A522867476F009377CD /* addVOActions.swift in Sources */,
				048A7A4F28629605009377CD /* UUIDExtension.swift in Sources */,
				04D378EF280AF460008077EE /* RecordingsList.swift in Sources */,
				0482C62A280D227500FB2B8B /* PlayButton.swift in Sources */,
				0426C4772812E21D00B3E17A /* RecordOnlyButton.swift in Sources */,
				04D378D9280AE984008077EE /* Persistence.swift in Sources */,
				04D378D3280AE984008077EE /* AudioDiary.xcdatamodeld in Sources */,
				04133972281198C20093A4C1 /* FileMenu.swift in Sources */,
				0482C627280D010B00FB2B8B /* PlaybackControls.swift in Sources */,
				04D378D7280AE984008077EE /* ContentView.swift in Sources */,
				0426C4722812988800B3E17A /* ImportButton.swift in Sources */,
				0482C638280E1E3600FB2B8B /* TodayViewLabel.swift in Sources */,
				0426C47A2812E2C400B3E17A /* StopRecordingButton.swift in Sources */,
				0482C630280D367E00FB2B8B /* FocusValues.swift in Sources */,
				04D378E6280AEA30008077EE /* Recording.swift in Sources */,
				041339692811429E0093A4C1 /* secondsToHoursMinutesSeconds.swift in Sources */,
				041E22CA2855B1A600F2E826 /* DeleteButton.swift in Sources */,
				04133956280E25FD0093A4C1 /* HomeScreen.swift in Sources */,
				0482C62D280D22EE00FB2B8B /* StopPlayingButton.swift in Sources */,
				0482C602280BC08800FB2B8B /* RecordingRow.swift in Sources */,
			);
			runOnlyForDeploymentPostprocessing = 0;
		};
		04D378CC280AE984008077EE /* Sources */ = {
			isa = PBXSourcesBuildPhase;
			buildActionMask = 2147483647;
			files = (
				0482C631280D367E00FB2B8B /* FocusValues.swift in Sources */,
				04D378ED280AF11B008077EE /* DayView.swift in Sources */,
				0482C62B280D227500FB2B8B /* PlayButton.swift in Sources */,
				04F024B02816338F007D448D /* DownloadButton.swift in Sources */,
				0482C606280BC3CF00FB2B8B /* RecordingExtension.swift in Sources */,
				0482C615280CDFAF00FB2B8B /* CalendarDay.swift in Sources */,
				0482C61C280CEE5300FB2B8B /* HomeScreen.swift in Sources */,
				04D378D6280AE984008077EE /* AudioDiaryApp.swift in Sources */,
				048A7A5028629605009377CD /* UUIDExtension.swift in Sources */,
				0413396D2811436A0093A4C1 /* IntExtension.swift in Sources */,
				0482C61E280CEE9B00FB2B8B /* Sidebar.swift in Sources */,
				0426C4732812988800B3E17A /* ImportButton.swift in Sources */,
				0482C60F280C367B00FB2B8B /* DateExtensions.swift in Sources */,
				04133973281198C20093A4C1 /* FileMenu.swift in Sources */,
				048A7A5628675369009377CD /* enableDeletingWithKeyboard.swift in Sources */,
				0426C4782812E21D00B3E17A /* RecordOnlyButton.swift in Sources */,
				048A7A532867476F009377CD /* addVOActions.swift in Sources */,
				041E22CB2855B1A600F2E826 /* DeleteButton.swift in Sources */,
				0482C612280C39A000FB2B8B /* TodayView.swift in Sources */,
				04133970281169600093A4C1 /* RecordButton.swift in Sources */,
				0413396A2811429E0093A4C1 /* secondsToHoursMinutesSeconds.swift in Sources */,
				0482C618280CE52F00FB2B8B /* CalendarList.swift in Sources */,
				04D378F0280AF460008077EE /* RecordingsList.swift in Sources */,
				0482C636280D72DC00FB2B8B /* Model.swift in Sources */,
				04D378DA280AE984008077EE /* Persistence.swift in Sources */,
				0482C628280D010B00FB2B8B /* PlaybackControls.swift in Sources */,
				048A7A5928681B5F009377CD /* deleteRecordingConfirmationDialog.swift in Sources */,
				0482C639280E1E3600FB2B8B /* TodayViewLabel.swift in Sources */,
				04133967281123D00093A4C1 /* PlayPauseButton.swift in Sources */,
				04D378D4280AE984008077EE /* AudioDiary.xcdatamodeld in Sources */,
				0482C621280CFBAD00FB2B8B /* StringExtension.swift in Sources */,
				0482C62E280D22EE00FB2B8B /* StopPlayingButton.swift in Sources */,
				0482C63C280E1EDA00FB2B8B /* ListViewLabel.swift in Sources */,
				0426C47B2812E2C400B3E17A /* StopRecordingButton.swift in Sources */,
				04D378D8280AE984008077EE /* ContentView.swift in Sources */,
				04D378E7280AEA30008077EE /* Recording.swift in Sources */,
				0482C603280BC08800FB2B8B /* RecordingRow.swift in Sources */,
			);
			runOnlyForDeploymentPostprocessing = 0;
		};
/* End PBXSourcesBuildPhase section */

/* Begin XCBuildConfiguration section */
		04D378DD280AE984008077EE /* Debug */ = {
			isa = XCBuildConfiguration;
			buildSettings = {
				ALWAYS_SEARCH_USER_PATHS = NO;
				CLANG_ANALYZER_NONNULL = YES;
				CLANG_ANALYZER_NUMBER_OBJECT_CONVERSION = YES_AGGRESSIVE;
				CLANG_CXX_LANGUAGE_STANDARD = "gnu++17";
				CLANG_CXX_LIBRARY = "libc++";
				CLANG_ENABLE_MODULES = YES;
				CLANG_ENABLE_OBJC_ARC = YES;
				CLANG_ENABLE_OBJC_WEAK = YES;
				CLANG_WARN_BLOCK_CAPTURE_AUTORELEASING = YES;
				CLANG_WARN_BOOL_CONVERSION = YES;
				CLANG_WARN_COMMA = YES;
				CLANG_WARN_CONSTANT_CONVERSION = YES;
				CLANG_WARN_DEPRECATED_OBJC_IMPLEMENTATIONS = YES;
				CLANG_WARN_DIRECT_OBJC_ISA_USAGE = YES_ERROR;
				CLANG_WARN_DOCUMENTATION_COMMENTS = YES;
				CLANG_WARN_EMPTY_BODY = YES;
				CLANG_WARN_ENUM_CONVERSION = YES;
				CLANG_WARN_INFINITE_RECURSION = YES;
				CLANG_WARN_INT_CONVERSION = YES;
				CLANG_WARN_NON_LITERAL_NULL_CONVERSION = YES;
				CLANG_WARN_OBJC_IMPLICIT_RETAIN_SELF = YES;
				CLANG_WARN_OBJC_LITERAL_CONVERSION = YES;
				CLANG_WARN_OBJC_ROOT_CLASS = YES_ERROR;
				CLANG_WARN_QUOTED_INCLUDE_IN_FRAMEWORK_HEADER = YES;
				CLANG_WARN_RANGE_LOOP_ANALYSIS = YES;
				CLANG_WARN_STRICT_PROTOTYPES = YES;
				CLANG_WARN_SUSPICIOUS_MOVE = YES;
				CLANG_WARN_UNGUARDED_AVAILABILITY = YES_AGGRESSIVE;
				CLANG_WARN_UNREACHABLE_CODE = YES;
				CLANG_WARN__DUPLICATE_METHOD_MATCH = YES;
				COPY_PHASE_STRIP = NO;
				DEBUG_INFORMATION_FORMAT = dwarf;
				ENABLE_STRICT_OBJC_MSGSEND = YES;
				ENABLE_TESTABILITY = YES;
				GCC_C_LANGUAGE_STANDARD = gnu11;
				GCC_DYNAMIC_NO_PIC = NO;
				GCC_NO_COMMON_BLOCKS = YES;
				GCC_OPTIMIZATION_LEVEL = 0;
				GCC_PREPROCESSOR_DEFINITIONS = (
					"DEBUG=1",
					"$(inherited)",
				);
				GCC_WARN_64_TO_32_BIT_CONVERSION = YES;
				GCC_WARN_ABOUT_RETURN_TYPE = YES_ERROR;
				GCC_WARN_UNDECLARED_SELECTOR = YES;
				GCC_WARN_UNINITIALIZED_AUTOS = YES_AGGRESSIVE;
				GCC_WARN_UNUSED_FUNCTION = YES;
				GCC_WARN_UNUSED_VARIABLE = YES;
				IPHONEOS_DEPLOYMENT_TARGET = 15.0;
				MACOSX_DEPLOYMENT_TARGET = 12.0;
				MTL_ENABLE_DEBUG_INFO = INCLUDE_SOURCE;
				MTL_FAST_MATH = YES;
				ONLY_ACTIVE_ARCH = YES;
				SWIFT_ACTIVE_COMPILATION_CONDITIONS = DEBUG;
				SWIFT_OPTIMIZATION_LEVEL = "-Onone";
			};
			name = Debug;
		};
		04D378DE280AE984008077EE /* Release */ = {
			isa = XCBuildConfiguration;
			buildSettings = {
				ALWAYS_SEARCH_USER_PATHS = NO;
				CLANG_ANALYZER_NONNULL = YES;
				CLANG_ANALYZER_NUMBER_OBJECT_CONVERSION = YES_AGGRESSIVE;
				CLANG_CXX_LANGUAGE_STANDARD = "gnu++17";
				CLANG_CXX_LIBRARY = "libc++";
				CLANG_ENABLE_MODULES = YES;
				CLANG_ENABLE_OBJC_ARC = YES;
				CLANG_ENABLE_OBJC_WEAK = YES;
				CLANG_WARN_BLOCK_CAPTURE_AUTORELEASING = YES;
				CLANG_WARN_BOOL_CONVERSION = YES;
				CLANG_WARN_COMMA = YES;
				CLANG_WARN_CONSTANT_CONVERSION = YES;
				CLANG_WARN_DEPRECATED_OBJC_IMPLEMENTATIONS = YES;
				CLANG_WARN_DIRECT_OBJC_ISA_USAGE = YES_ERROR;
				CLANG_WARN_DOCUMENTATION_COMMENTS = YES;
				CLANG_WARN_EMPTY_BODY = YES;
				CLANG_WARN_ENUM_CONVERSION = YES;
				CLANG_WARN_INFINITE_RECURSION = YES;
				CLANG_WARN_INT_CONVERSION = YES;
				CLANG_WARN_NON_LITERAL_NULL_CONVERSION = YES;
				CLANG_WARN_OBJC_IMPLICIT_RETAIN_SELF = YES;
				CLANG_WARN_OBJC_LITERAL_CONVERSION = YES;
				CLANG_WARN_OBJC_ROOT_CLASS = YES_ERROR;
				CLANG_WARN_QUOTED_INCLUDE_IN_FRAMEWORK_HEADER = YES;
				CLANG_WARN_RANGE_LOOP_ANALYSIS = YES;
				CLANG_WARN_STRICT_PROTOTYPES = YES;
				CLANG_WARN_SUSPICIOUS_MOVE = YES;
				CLANG_WARN_UNGUARDED_AVAILABILITY = YES_AGGRESSIVE;
				CLANG_WARN_UNREACHABLE_CODE = YES;
				CLANG_WARN__DUPLICATE_METHOD_MATCH = YES;
				COPY_PHASE_STRIP = NO;
				DEBUG_INFORMATION_FORMAT = "dwarf-with-dsym";
				ENABLE_NS_ASSERTIONS = NO;
				ENABLE_STRICT_OBJC_MSGSEND = YES;
				GCC_C_LANGUAGE_STANDARD = gnu11;
				GCC_NO_COMMON_BLOCKS = YES;
				GCC_WARN_64_TO_32_BIT_CONVERSION = YES;
				GCC_WARN_ABOUT_RETURN_TYPE = YES_ERROR;
				GCC_WARN_UNDECLARED_SELECTOR = YES;
				GCC_WARN_UNINITIALIZED_AUTOS = YES_AGGRESSIVE;
				GCC_WARN_UNUSED_FUNCTION = YES;
				GCC_WARN_UNUSED_VARIABLE = YES;
				IPHONEOS_DEPLOYMENT_TARGET = 15.0;
				MACOSX_DEPLOYMENT_TARGET = 12.0;
				MTL_ENABLE_DEBUG_INFO = NO;
				MTL_FAST_MATH = YES;
				SWIFT_COMPILATION_MODE = wholemodule;
				SWIFT_OPTIMIZATION_LEVEL = "-O";
			};
			name = Release;
		};
		04D378E0280AE984008077EE /* Debug */ = {
			isa = XCBuildConfiguration;
			buildSettings = {
				ASSETCATALOG_COMPILER_APPICON_NAME = AppIcon;
				ASSETCATALOG_COMPILER_GLOBAL_ACCENT_COLOR_NAME = AccentColor;
				CODE_SIGN_ENTITLEMENTS = "AudioDiary (iOS).entitlements";
				CODE_SIGN_STYLE = Automatic;
				CURRENT_PROJECT_VERSION = 3;
				DEVELOPMENT_TEAM = 462YLDWX6X;
				ENABLE_PREVIEWS = YES;
				GENERATE_INFOPLIST_FILE = YES;
				INFOPLIST_FILE = "AudioDiary--iOS--Info.plist";
				INFOPLIST_KEY_CFBundleDisplayName = "Audio Diary";
				INFOPLIST_KEY_NSMicrophoneUsageDescription = "AudioDiary needs access to the microphone to record your diary entries.";
				INFOPLIST_KEY_UIApplicationSceneManifest_Generation = YES;
				INFOPLIST_KEY_UIApplicationSupportsIndirectInputEvents = YES;
				INFOPLIST_KEY_UILaunchScreen_Generation = YES;
				INFOPLIST_KEY_UISupportedInterfaceOrientations_iPad = "UIInterfaceOrientationPortrait UIInterfaceOrientationPortraitUpsideDown UIInterfaceOrientationLandscapeLeft UIInterfaceOrientationLandscapeRight";
				INFOPLIST_KEY_UISupportedInterfaceOrientations_iPhone = "UIInterfaceOrientationPortrait UIInterfaceOrientationLandscapeLeft UIInterfaceOrientationLandscapeRight";
				IPHONEOS_DEPLOYMENT_TARGET = 15.0;
				LD_RUNPATH_SEARCH_PATHS = (
					"$(inherited)",
					"@executable_path/Frameworks",
				);
				MARKETING_VERSION = 1.0;
				PRODUCT_BUNDLE_IDENTIFIER = app.openbooks.AudioDiary;
				PRODUCT_NAME = AudioDiary;
				SDKROOT = iphoneos;
				SWIFT_EMIT_LOC_STRINGS = YES;
				SWIFT_VERSION = 5.0;
				TARGETED_DEVICE_FAMILY = "1,2";
			};
			name = Debug;
		};
		04D378E1280AE984008077EE /* Release */ = {
			isa = XCBuildConfiguration;
			buildSettings = {
				ASSETCATALOG_COMPILER_APPICON_NAME = AppIcon;
				ASSETCATALOG_COMPILER_GLOBAL_ACCENT_COLOR_NAME = AccentColor;
				CODE_SIGN_ENTITLEMENTS = "AudioDiary (iOS).entitlements";
				CODE_SIGN_STYLE = Automatic;
				CURRENT_PROJECT_VERSION = 3;
				DEVELOPMENT_TEAM = 462YLDWX6X;
				ENABLE_PREVIEWS = YES;
				GENERATE_INFOPLIST_FILE = YES;
				INFOPLIST_FILE = "AudioDiary--iOS--Info.plist";
				INFOPLIST_KEY_CFBundleDisplayName = "Audio Diary";
				INFOPLIST_KEY_NSMicrophoneUsageDescription = "AudioDiary needs access to the microphone to record your diary entries.";
				INFOPLIST_KEY_UIApplicationSceneManifest_Generation = YES;
				INFOPLIST_KEY_UIApplicationSupportsIndirectInputEvents = YES;
				INFOPLIST_KEY_UILaunchScreen_Generation = YES;
				INFOPLIST_KEY_UISupportedInterfaceOrientations_iPad = "UIInterfaceOrientationPortrait UIInterfaceOrientationPortraitUpsideDown UIInterfaceOrientationLandscapeLeft UIInterfaceOrientationLandscapeRight";
				INFOPLIST_KEY_UISupportedInterfaceOrientations_iPhone = "UIInterfaceOrientationPortrait UIInterfaceOrientationLandscapeLeft UIInterfaceOrientationLandscapeRight";
				IPHONEOS_DEPLOYMENT_TARGET = 15.0;
				LD_RUNPATH_SEARCH_PATHS = (
					"$(inherited)",
					"@executable_path/Frameworks",
				);
				MARKETING_VERSION = 1.0;
				PRODUCT_BUNDLE_IDENTIFIER = app.openbooks.AudioDiary;
				PRODUCT_NAME = AudioDiary;
				SDKROOT = iphoneos;
				SWIFT_EMIT_LOC_STRINGS = YES;
				SWIFT_VERSION = 5.0;
				TARGETED_DEVICE_FAMILY = "1,2";
				VALIDATE_PRODUCT = YES;
			};
			name = Release;
		};
		04D378E3280AE984008077EE /* Debug */ = {
			isa = XCBuildConfiguration;
			buildSettings = {
				ASSETCATALOG_COMPILER_APPICON_NAME = AppIcon;
				ASSETCATALOG_COMPILER_GLOBAL_ACCENT_COLOR_NAME = AccentColor;
				CODE_SIGN_ENTITLEMENTS = macOS/macOS.entitlements;
				CODE_SIGN_IDENTITY = "Apple Development";
				CODE_SIGN_STYLE = Automatic;
				COMBINE_HIDPI_IMAGES = YES;
				CURRENT_PROJECT_VERSION = 3;
				DEVELOPMENT_TEAM = 462YLDWX6X;
				ENABLE_HARDENED_RUNTIME = YES;
				ENABLE_PREVIEWS = YES;
				GENERATE_INFOPLIST_FILE = YES;
				INFOPLIST_FILE = "macOS/AudioDiary--macOS--Info.plist";
				INFOPLIST_KEY_LSApplicationCategoryType = "public.app-category.lifestyle";
				INFOPLIST_KEY_NSHumanReadableCopyright = "";
				INFOPLIST_KEY_NSMicrophoneUsageDescription = "AudioDiary needs access to the microphone to record your diary entry.";
				LD_RUNPATH_SEARCH_PATHS = (
					"$(inherited)",
					"@executable_path/../Frameworks",
				);
				MACOSX_DEPLOYMENT_TARGET = 12.0;
				MARKETING_VERSION = 1.0;
				PRODUCT_BUNDLE_IDENTIFIER = app.openbooks.AudioDiary;
				PRODUCT_NAME = AudioDiary;
				SDKROOT = macosx;
				SWIFT_EMIT_LOC_STRINGS = YES;
				SWIFT_VERSION = 5.0;
			};
			name = Debug;
		};
		04D378E4280AE984008077EE /* Release */ = {
			isa = XCBuildConfiguration;
			buildSettings = {
				ASSETCATALOG_COMPILER_APPICON_NAME = AppIcon;
				ASSETCATALOG_COMPILER_GLOBAL_ACCENT_COLOR_NAME = AccentColor;
				CODE_SIGN_ENTITLEMENTS = macOS/macOS.entitlements;
				CODE_SIGN_IDENTITY = "Apple Development";
				CODE_SIGN_STYLE = Automatic;
				COMBINE_HIDPI_IMAGES = YES;
				CURRENT_PROJECT_VERSION = 3;
				DEVELOPMENT_TEAM = 462YLDWX6X;
				ENABLE_HARDENED_RUNTIME = YES;
				ENABLE_PREVIEWS = YES;
				GENERATE_INFOPLIST_FILE = YES;
				INFOPLIST_FILE = "macOS/AudioDiary--macOS--Info.plist";
				INFOPLIST_KEY_LSApplicationCategoryType = "public.app-category.lifestyle";
				INFOPLIST_KEY_NSHumanReadableCopyright = "";
				INFOPLIST_KEY_NSMicrophoneUsageDescription = "AudioDiary needs access to the microphone to record your diary entry.";
				LD_RUNPATH_SEARCH_PATHS = (
					"$(inherited)",
					"@executable_path/../Frameworks",
				);
				MACOSX_DEPLOYMENT_TARGET = 12.0;
				MARKETING_VERSION = 1.0;
				PRODUCT_BUNDLE_IDENTIFIER = app.openbooks.AudioDiary;
				PRODUCT_NAME = AudioDiary;
				SDKROOT = macosx;
				SWIFT_EMIT_LOC_STRINGS = YES;
				SWIFT_VERSION = 5.0;
			};
			name = Release;
		};
/* End XCBuildConfiguration section */

/* Begin XCConfigurationList section */
		04D378BE280AE983008077EE /* Build configuration list for PBXProject "AudioDiary" */ = {
			isa = XCConfigurationList;
			buildConfigurations = (
				04D378DD280AE984008077EE /* Debug */,
				04D378DE280AE984008077EE /* Release */,
			);
			defaultConfigurationIsVisible = 0;
			defaultConfigurationName = Release;
		};
		04D378DF280AE984008077EE /* Build configuration list for PBXNativeTarget "AudioDiary (iOS)" */ = {
			isa = XCConfigurationList;
			buildConfigurations = (
				04D378E0280AE984008077EE /* Debug */,
				04D378E1280AE984008077EE /* Release */,
			);
			defaultConfigurationIsVisible = 0;
			defaultConfigurationName = Release;
		};
		04D378E2280AE984008077EE /* Build configuration list for PBXNativeTarget "AudioDiary (macOS)" */ = {
			isa = XCConfigurationList;
			buildConfigurations = (
				04D378E3280AE984008077EE /* Debug */,
				04D378E4280AE984008077EE /* Release */,
			);
			defaultConfigurationIsVisible = 0;
			defaultConfigurationName = Release;
		};
/* End XCConfigurationList section */

/* Begin XCRemoteSwiftPackageReference section */
		049520622859374F00604FEE /* XCRemoteSwiftPackageReference "OBFoundation" */ = {
			isa = XCRemoteSwiftPackageReference;
			repositoryURL = "https://github.com/NicParsons/OBFoundation";
			requirement = {
				branch = main;
				kind = branch;
			};
		};
/* End XCRemoteSwiftPackageReference section */

/* Begin XCSwiftPackageProductDependency section */
		049520632859374F00604FEE /* OBFoundation */ = {
			isa = XCSwiftPackageProductDependency;
			package = 049520622859374F00604FEE /* XCRemoteSwiftPackageReference "OBFoundation" */;
			productName = OBFoundation;
		};
		049520652859394600604FEE /* OBFoundation */ = {
			isa = XCSwiftPackageProductDependency;
			package = 049520622859374F00604FEE /* XCRemoteSwiftPackageReference "OBFoundation" */;
			productName = OBFoundation;
		};
/* End XCSwiftPackageProductDependency section */

/* Begin XCVersionGroup section */
		04D378C0280AE983008077EE /* AudioDiary.xcdatamodeld */ = {
			isa = XCVersionGroup;
			children = (
				04D378C1280AE983008077EE /* Shared.xcdatamodel */,
			);
			currentVersion = 04D378C1280AE983008077EE /* Shared.xcdatamodel */;
			path = AudioDiary.xcdatamodeld;
			sourceTree = "<group>";
			versionGroupType = wrapper.xcdatamodel;
		};
/* End XCVersionGroup section */
	};
	rootObject = 04D378BB280AE983008077EE /* Project object */;
}
